// !$*UTF8*$!
{
	archiveVersion = 1;
	classes = {
	};
	objectVersion = 46;
	objects = {

/* Begin PBXBuildFile section */
		1E2C5F8D1E12DF0E00613E9B /* AppDelegate.swift in Sources */ = {isa = PBXBuildFile; fileRef = 1E2C5F8C1E12DF0E00613E9B /* AppDelegate.swift */; };
		1E2C5F8F1E12DF0E00613E9B /* PuzzleViewController.swift in Sources */ = {isa = PBXBuildFile; fileRef = 1E2C5F8E1E12DF0E00613E9B /* PuzzleViewController.swift */; };
		1E2C5F921E12DF0E00613E9B /* Main.storyboard in Resources */ = {isa = PBXBuildFile; fileRef = 1E2C5F901E12DF0E00613E9B /* Main.storyboard */; };
		1E2C5F941E12DF0E00613E9B /* Assets.xcassets in Resources */ = {isa = PBXBuildFile; fileRef = 1E2C5F931E12DF0E00613E9B /* Assets.xcassets */; };
		1E2C5F971E12DF0E00613E9B /* LaunchScreen.storyboard in Resources */ = {isa = PBXBuildFile; fileRef = 1E2C5F951E12DF0E00613E9B /* LaunchScreen.storyboard */; };
		1E2C5FA21E12DF0E00613E9B /* FuzePuzzleTests.swift in Sources */ = {isa = PBXBuildFile; fileRef = 1E2C5FA11E12DF0E00613E9B /* FuzePuzzleTests.swift */; };
		1E2C5FAD1E12DF0E00613E9B /* FuzePuzzleUITests.swift in Sources */ = {isa = PBXBuildFile; fileRef = 1E2C5FAC1E12DF0E00613E9B /* FuzePuzzleUITests.swift */; };
		1E2C5FBE1E136D9500613E9B /* UIImageExtension.swift in Sources */ = {isa = PBXBuildFile; fileRef = 1E2C5FBD1E136D9500613E9B /* UIImageExtension.swift */; };
		1E2C5FC21E13B7C200613E9B /* TileCollectionViewCell.swift in Sources */ = {isa = PBXBuildFile; fileRef = 1E2C5FC11E13B7C200613E9B /* TileCollectionViewCell.swift */; };
/* End PBXBuildFile section */

/* Begin PBXContainerItemProxy section */
		1E2C5F9E1E12DF0E00613E9B /* PBXContainerItemProxy */ = {
			isa = PBXContainerItemProxy;
			containerPortal = 1E2C5F811E12DF0E00613E9B /* Project object */;
			proxyType = 1;
			remoteGlobalIDString = 1E2C5F881E12DF0E00613E9B;
			remoteInfo = FuzePuzzle;
		};
		1E2C5FA91E12DF0E00613E9B /* PBXContainerItemProxy */ = {
			isa = PBXContainerItemProxy;
			containerPortal = 1E2C5F811E12DF0E00613E9B /* Project object */;
			proxyType = 1;
			remoteGlobalIDString = 1E2C5F881E12DF0E00613E9B;
			remoteInfo = FuzePuzzle;
		};
/* End PBXContainerItemProxy section */

/* Begin PBXFileReference section */
		1E2C5F891E12DF0E00613E9B /* FuzePuzzle.app */ = {isa = PBXFileReference; explicitFileType = wrapper.application; includeInIndex = 0; path = FuzePuzzle.app; sourceTree = BUILT_PRODUCTS_DIR; };
		1E2C5F8C1E12DF0E00613E9B /* AppDelegate.swift */ = {isa = PBXFileReference; lastKnownFileType = sourcecode.swift; path = AppDelegate.swift; sourceTree = "<group>"; };
		1E2C5F8E1E12DF0E00613E9B /* PuzzleViewController.swift */ = {isa = PBXFileReference; lastKnownFileType = sourcecode.swift; path = PuzzleViewController.swift; sourceTree = "<group>"; };
		1E2C5F911E12DF0E00613E9B /* Base */ = {isa = PBXFileReference; lastKnownFileType = file.storyboard; name = Base; path = Base.lproj/Main.storyboard; sourceTree = "<group>"; };
		1E2C5F931E12DF0E00613E9B /* Assets.xcassets */ = {isa = PBXFileReference; lastKnownFileType = folder.assetcatalog; path = Assets.xcassets; sourceTree = "<group>"; };
		1E2C5F961E12DF0E00613E9B /* Base */ = {isa = PBXFileReference; lastKnownFileType = file.storyboard; name = Base; path = Base.lproj/LaunchScreen.storyboard; sourceTree = "<group>"; };
		1E2C5F981E12DF0E00613E9B /* Info.plist */ = {isa = PBXFileReference; lastKnownFileType = text.plist.xml; path = Info.plist; sourceTree = "<group>"; };
		1E2C5F9D1E12DF0E00613E9B /* FuzePuzzleTests.xctest */ = {isa = PBXFileReference; explicitFileType = wrapper.cfbundle; includeInIndex = 0; path = FuzePuzzleTests.xctest; sourceTree = BUILT_PRODUCTS_DIR; };
		1E2C5FA11E12DF0E00613E9B /* FuzePuzzleTests.swift */ = {isa = PBXFileReference; lastKnownFileType = sourcecode.swift; path = FuzePuzzleTests.swift; sourceTree = "<group>"; };
		1E2C5FA31E12DF0E00613E9B /* Info.plist */ = {isa = PBXFileReference; lastKnownFileType = text.plist.xml; path = Info.plist; sourceTree = "<group>"; };
		1E2C5FA81E12DF0E00613E9B /* FuzePuzzleUITests.xctest */ = {isa = PBXFileReference; explicitFileType = wrapper.cfbundle; includeInIndex = 0; path = FuzePuzzleUITests.xctest; sourceTree = BUILT_PRODUCTS_DIR; };
		1E2C5FAC1E12DF0E00613E9B /* FuzePuzzleUITests.swift */ = {isa = PBXFileReference; lastKnownFileType = sourcecode.swift; path = FuzePuzzleUITests.swift; sourceTree = "<group>"; };
		1E2C5FAE1E12DF0E00613E9B /* Info.plist */ = {isa = PBXFileReference; lastKnownFileType = text.plist.xml; path = Info.plist; sourceTree = "<group>"; };
		1E2C5FBD1E136D9500613E9B /* UIImageExtension.swift */ = {isa = PBXFileReference; fileEncoding = 4; lastKnownFileType = sourcecode.swift; path = UIImageExtension.swift; sourceTree = "<group>"; };
		1E2C5FC11E13B7C200613E9B /* TileCollectionViewCell.swift */ = {isa = PBXFileReference; fileEncoding = 4; lastKnownFileType = sourcecode.swift; path = TileCollectionViewCell.swift; sourceTree = "<group>"; };
/* End PBXFileReference section */

/* Begin PBXFrameworksBuildPhase section */
		1E2C5F861E12DF0E00613E9B /* Frameworks */ = {
			isa = PBXFrameworksBuildPhase;
			buildActionMask = 2147483647;
			files = (
			);
			runOnlyForDeploymentPostprocessing = 0;
		};
		1E2C5F9A1E12DF0E00613E9B /* Frameworks */ = {
			isa = PBXFrameworksBuildPhase;
			buildActionMask = 2147483647;
			files = (
			);
			runOnlyForDeploymentPostprocessing = 0;
		};
		1E2C5FA51E12DF0E00613E9B /* Frameworks */ = {
			isa = PBXFrameworksBuildPhase;
			buildActionMask = 2147483647;
			files = (
			);
			runOnlyForDeploymentPostprocessing = 0;
		};
/* End PBXFrameworksBuildPhase section */

/* Begin PBXGroup section */
		1E2C5F801E12DF0E00613E9B = {
			isa = PBXGroup;
			children = (
				1E2C5F8B1E12DF0E00613E9B /* FuzePuzzle */,
				1E2C5FA01E12DF0E00613E9B /* FuzePuzzleTests */,
				1E2C5FAB1E12DF0E00613E9B /* FuzePuzzleUITests */,
				1E2C5F8A1E12DF0E00613E9B /* Products */,
			);
			sourceTree = "<group>";
		};
		1E2C5F8A1E12DF0E00613E9B /* Products */ = {
			isa = PBXGroup;
			children = (
				1E2C5F891E12DF0E00613E9B /* FuzePuzzle.app */,
				1E2C5F9D1E12DF0E00613E9B /* FuzePuzzleTests.xctest */,
				1E2C5FA81E12DF0E00613E9B /* FuzePuzzleUITests.xctest */,
			);
			name = Products;
			sourceTree = "<group>";
		};
		1E2C5F8B1E12DF0E00613E9B /* FuzePuzzle */ = {
			isa = PBXGroup;
			children = (
				1E2C5FBC1E136D7F00613E9B /* Extensions */,
				1E2C5F8C1E12DF0E00613E9B /* AppDelegate.swift */,
				1E2C5F8E1E12DF0E00613E9B /* PuzzleViewController.swift */,
				1E2C5F901E12DF0E00613E9B /* Main.storyboard */,
				1E2C5FC11E13B7C200613E9B /* TileCollectionViewCell.swift */,
				1E2C5F931E12DF0E00613E9B /* Assets.xcassets */,
				1E2C5F951E12DF0E00613E9B /* LaunchScreen.storyboard */,
				1E2C5F981E12DF0E00613E9B /* Info.plist */,
			);
			path = FuzePuzzle;
			sourceTree = "<group>";
		};
		1E2C5FA01E12DF0E00613E9B /* FuzePuzzleTests */ = {
			isa = PBXGroup;
			children = (
				1E2C5FA11E12DF0E00613E9B /* FuzePuzzleTests.swift */,
				1E2C5FA31E12DF0E00613E9B /* Info.plist */,
			);
			path = FuzePuzzleTests;
			sourceTree = "<group>";
		};
		1E2C5FAB1E12DF0E00613E9B /* FuzePuzzleUITests */ = {
			isa = PBXGroup;
			children = (
				1E2C5FAC1E12DF0E00613E9B /* FuzePuzzleUITests.swift */,
				1E2C5FAE1E12DF0E00613E9B /* Info.plist */,
			);
			path = FuzePuzzleUITests;
			sourceTree = "<group>";
		};
		1E2C5FBC1E136D7F00613E9B /* Extensions */ = {
			isa = PBXGroup;
			children = (
				1E2C5FBD1E136D9500613E9B /* UIImageExtension.swift */,
			);
			name = Extensions;
			sourceTree = "<group>";
		};
/* End PBXGroup section */

/* Begin PBXNativeTarget section */
		1E2C5F881E12DF0E00613E9B /* FuzePuzzle */ = {
			isa = PBXNativeTarget;
			buildConfigurationList = 1E2C5FB11E12DF0E00613E9B /* Build configuration list for PBXNativeTarget "FuzePuzzle" */;
			buildPhases = (
				1E2C5F851E12DF0E00613E9B /* Sources */,
				1E2C5F861E12DF0E00613E9B /* Frameworks */,
				1E2C5F871E12DF0E00613E9B /* Resources */,
			);
			buildRules = (
			);
			dependencies = (
			);
			name = FuzePuzzle;
			productName = FuzePuzzle;
			productReference = 1E2C5F891E12DF0E00613E9B /* FuzePuzzle.app */;
			productType = "com.apple.product-type.application";
		};
		1E2C5F9C1E12DF0E00613E9B /* FuzePuzzleTests */ = {
			isa = PBXNativeTarget;
			buildConfigurationList = 1E2C5FB41E12DF0E00613E9B /* Build configuration list for PBXNativeTarget "FuzePuzzleTests" */;
			buildPhases = (
				1E2C5F991E12DF0E00613E9B /* Sources */,
				1E2C5F9A1E12DF0E00613E9B /* Frameworks */,
				1E2C5F9B1E12DF0E00613E9B /* Resources */,
			);
			buildRules = (
			);
			dependencies = (
				1E2C5F9F1E12DF0E00613E9B /* PBXTargetDependency */,
			);
			name = FuzePuzzleTests;
			productName = FuzePuzzleTests;
			productReference = 1E2C5F9D1E12DF0E00613E9B /* FuzePuzzleTests.xctest */;
			productType = "com.apple.product-type.bundle.unit-test";
		};
		1E2C5FA71E12DF0E00613E9B /* FuzePuzzleUITests */ = {
			isa = PBXNativeTarget;
			buildConfigurationList = 1E2C5FB71E12DF0E00613E9B /* Build configuration list for PBXNativeTarget "FuzePuzzleUITests" */;
			buildPhases = (
				1E2C5FA41E12DF0E00613E9B /* Sources */,
				1E2C5FA51E12DF0E00613E9B /* Frameworks */,
				1E2C5FA61E12DF0E00613E9B /* Resources */,
			);
			buildRules = (
			);
			dependencies = (
				1E2C5FAA1E12DF0E00613E9B /* PBXTargetDependency */,
			);
			name = FuzePuzzleUITests;
			productName = FuzePuzzleUITests;
			productReference = 1E2C5FA81E12DF0E00613E9B /* FuzePuzzleUITests.xctest */;
			productType = "com.apple.product-type.bundle.ui-testing";
		};
/* End PBXNativeTarget section */

/* Begin PBXProject section */
		1E2C5F811E12DF0E00613E9B /* Project object */ = {
			isa = PBXProject;
			attributes = {
				LastSwiftUpdateCheck = 0810;
				LastUpgradeCheck = 0810;
				ORGANIZATIONNAME = "Zoumite Franck Armel Mamboue";
				TargetAttributes = {
					1E2C5F881E12DF0E00613E9B = {
						CreatedOnToolsVersion = 8.1;
						DevelopmentTeam = Y7NN2P3V3G;
						ProvisioningStyle = Automatic;
					};
					1E2C5F9C1E12DF0E00613E9B = {
						CreatedOnToolsVersion = 8.1;
						DevelopmentTeam = W7PZDQD3EB;
						ProvisioningStyle = Automatic;
						TestTargetID = 1E2C5F881E12DF0E00613E9B;
					};
					1E2C5FA71E12DF0E00613E9B = {
						CreatedOnToolsVersion = 8.1;
						DevelopmentTeam = W7PZDQD3EB;
						ProvisioningStyle = Automatic;
						TestTargetID = 1E2C5F881E12DF0E00613E9B;
					};
				};
			};
			buildConfigurationList = 1E2C5F841E12DF0E00613E9B /* Build configuration list for PBXProject "FuzePuzzle" */;
			compatibilityVersion = "Xcode 3.2";
			developmentRegion = English;
			hasScannedForEncodings = 0;
			knownRegions = (
				en,
				Base,
			);
			mainGroup = 1E2C5F801E12DF0E00613E9B;
			productRefGroup = 1E2C5F8A1E12DF0E00613E9B /* Products */;
			projectDirPath = "";
			projectRoot = "";
			targets = (
				1E2C5F881E12DF0E00613E9B /* FuzePuzzle */,
				1E2C5F9C1E12DF0E00613E9B /* FuzePuzzleTests */,
				1E2C5FA71E12DF0E00613E9B /* FuzePuzzleUITests */,
			);
		};
/* End PBXProject section */

/* Begin PBXResourcesBuildPhase section */
		1E2C5F871E12DF0E00613E9B /* Resources */ = {
			isa = PBXResourcesBuildPhase;
			buildActionMask = 2147483647;
			files = (
				1E2C5F971E12DF0E00613E9B /* LaunchScreen.storyboard in Resources */,
				1E2C5F941E12DF0E00613E9B /* Assets.xcassets in Resources */,
				1E2C5F921E12DF0E00613E9B /* Main.storyboard in Resources */,
			);
			runOnlyForDeploymentPostprocessing = 0;
		};
		1E2C5F9B1E12DF0E00613E9B /* Resources */ = {
			isa = PBXResourcesBuildPhase;
			buildActionMask = 2147483647;
			files = (
			);
			runOnlyForDeploymentPostprocessing = 0;
		};
		1E2C5FA61E12DF0E00613E9B /* Resources */ = {
			isa = PBXResourcesBuildPhase;
			buildActionMask = 2147483647;
			files = (
			);
			runOnlyForDeploymentPostprocessing = 0;
		};
/* End PBXResourcesBuildPhase section */

/* Begin PBXSourcesBuildPhase section */
		1E2C5F851E12DF0E00613E9B /* Sources */ = {
			isa = PBXSourcesBuildPhase;
			buildActionMask = 2147483647;
			files = (
				1E2C5FC21E13B7C200613E9B /* TileCollectionViewCell.swift in Sources */,
				1E2C5F8F1E12DF0E00613E9B /* PuzzleViewController.swift in Sources */,
				1E2C5F8D1E12DF0E00613E9B /* AppDelegate.swift in Sources */,
				1E2C5FBE1E136D9500613E9B /* UIImageExtension.swift in Sources */,
			);
			runOnlyForDeploymentPostprocessing = 0;
		};
		1E2C5F991E12DF0E00613E9B /* Sources */ = {
			isa = PBXSourcesBuildPhase;
			buildActionMask = 2147483647;
			files = (
				1E2C5FA21E12DF0E00613E9B /* FuzePuzzleTests.swift in Sources */,
			);
			runOnlyForDeploymentPostprocessing = 0;
		};
		1E2C5FA41E12DF0E00613E9B /* Sources */ = {
			isa = PBXSourcesBuildPhase;
			buildActionMask = 2147483647;
			files = (
				1E2C5FAD1E12DF0E00613E9B /* FuzePuzzleUITests.swift in Sources */,
			);
			runOnlyForDeploymentPostprocessing = 0;
		};
/* End PBXSourcesBuildPhase section */

/* Begin PBXTargetDependency section */
		1E2C5F9F1E12DF0E00613E9B /* PBXTargetDependency */ = {
			isa = PBXTargetDependency;
			target = 1E2C5F881E12DF0E00613E9B /* FuzePuzzle */;
			targetProxy = 1E2C5F9E1E12DF0E00613E9B /* PBXContainerItemProxy */;
		};
		1E2C5FAA1E12DF0E00613E9B /* PBXTargetDependency */ = {
			isa = PBXTargetDependency;
			target = 1E2C5F881E12DF0E00613E9B /* FuzePuzzle */;
			targetProxy = 1E2C5FA91E12DF0E00613E9B /* PBXContainerItemProxy */;
		};
/* End PBXTargetDependency section */

/* Begin PBXVariantGroup section */
		1E2C5F901E12DF0E00613E9B /* Main.storyboard */ = {
			isa = PBXVariantGroup;
			children = (
				1E2C5F911E12DF0E00613E9B /* Base */,
			);
			name = Main.storyboard;
			sourceTree = "<group>";
		};
		1E2C5F951E12DF0E00613E9B /* LaunchScreen.storyboard */ = {
			isa = PBXVariantGroup;
			children = (
				1E2C5F961E12DF0E00613E9B /* Base */,
			);
			name = LaunchScreen.storyboard;
			sourceTree = "<group>";
		};
/* End PBXVariantGroup section */

/* Begin XCBuildConfiguration section */
		1E2C5FAF1E12DF0E00613E9B /* Debug */ = {
			isa = XCBuildConfiguration;
			buildSettings = {
				ALWAYS_SEARCH_USER_PATHS = NO;
				CLANG_ANALYZER_NONNULL = YES;
				CLANG_CXX_LANGUAGE_STANDARD = "gnu++0x";
				CLANG_CXX_LIBRARY = "libc++";
				CLANG_ENABLE_MODULES = YES;
				CLANG_ENABLE_OBJC_ARC = YES;
				CLANG_WARN_BOOL_CONVERSION = YES;
				CLANG_WARN_CONSTANT_CONVERSION = YES;
				CLANG_WARN_DIRECT_OBJC_ISA_USAGE = YES_ERROR;
				CLANG_WARN_DOCUMENTATION_COMMENTS = YES;
				CLANG_WARN_EMPTY_BODY = YES;
				CLANG_WARN_ENUM_CONVERSION = YES;
				CLANG_WARN_INFINITE_RECURSION = YES;
				CLANG_WARN_INT_CONVERSION = YES;
				CLANG_WARN_OBJC_ROOT_CLASS = YES_ERROR;
				CLANG_WARN_SUSPICIOUS_MOVES = YES;
				CLANG_WARN_UNREACHABLE_CODE = YES;
				CLANG_WARN__DUPLICATE_METHOD_MATCH = YES;
				"CODE_SIGN_IDENTITY[sdk=iphoneos*]" = "iPhone Developer";
				COPY_PHASE_STRIP = NO;
				DEBUG_INFORMATION_FORMAT = dwarf;
				ENABLE_STRICT_OBJC_MSGSEND = YES;
				ENABLE_TESTABILITY = YES;
				GCC_C_LANGUAGE_STANDARD = gnu99;
				GCC_DYNAMIC_NO_PIC = NO;
				GCC_NO_COMMON_BLOCKS = YES;
				GCC_OPTIMIZATION_LEVEL = 0;
				GCC_PREPROCESSOR_DEFINITIONS = (
					"DEBUG=1",
					"$(inherited)",
				);
				GCC_WARN_64_TO_32_BIT_CONVERSION = YES;
				GCC_WARN_ABOUT_RETURN_TYPE = YES_ERROR;
				GCC_WARN_UNDECLARED_SELECTOR = YES;
				GCC_WARN_UNINITIALIZED_AUTOS = YES_AGGRESSIVE;
				GCC_WARN_UNUSED_FUNCTION = YES;
				GCC_WARN_UNUSED_VARIABLE = YES;
				IPHONEOS_DEPLOYMENT_TARGET = 10.1;
				MTL_ENABLE_DEBUG_INFO = YES;
				ONLY_ACTIVE_ARCH = YES;
				SDKROOT = iphoneos;
				SWIFT_ACTIVE_COMPILATION_CONDITIONS = DEBUG;
				SWIFT_OPTIMIZATION_LEVEL = "-Onone";
				TARGETED_DEVICE_FAMILY = "1,2";
			};
			name = Debug;
		};
		1E2C5FB01E12DF0E00613E9B /* Release */ = {
			isa = XCBuildConfiguration;
			buildSettings = {
				ALWAYS_SEARCH_USER_PATHS = NO;
				CLANG_ANALYZER_NONNULL = YES;
				CLANG_CXX_LANGUAGE_STANDARD = "gnu++0x";
				CLANG_CXX_LIBRARY = "libc++";
				CLANG_ENABLE_MODULES = YES;
				CLANG_ENABLE_OBJC_ARC = YES;
				CLANG_WARN_BOOL_CONVERSION = YES;
				CLANG_WARN_CONSTANT_CONVERSION = YES;
				CLANG_WARN_DIRECT_OBJC_ISA_USAGE = YES_ERROR;
				CLANG_WARN_DOCUMENTATION_COMMENTS = YES;
				CLANG_WARN_EMPTY_BODY = YES;
				CLANG_WARN_ENUM_CONVERSION = YES;
				CLANG_WARN_INFINITE_RECURSION = YES;
				CLANG_WARN_INT_CONVERSION = YES;
				CLANG_WARN_OBJC_ROOT_CLASS = YES_ERROR;
				CLANG_WARN_SUSPICIOUS_MOVES = YES;
				CLANG_WARN_UNREACHABLE_CODE = YES;
				CLANG_WARN__DUPLICATE_METHOD_MATCH = YES;
				"CODE_SIGN_IDENTITY[sdk=iphoneos*]" = "iPhone Developer";
				COPY_PHASE_STRIP = NO;
				DEBUG_INFORMATION_FORMAT = "dwarf-with-dsym";
				ENABLE_NS_ASSERTIONS = NO;
				ENABLE_STRICT_OBJC_MSGSEND = YES;
				GCC_C_LANGUAGE_STANDARD = gnu99;
				GCC_NO_COMMON_BLOCKS = YES;
				GCC_WARN_64_TO_32_BIT_CONVERSION = YES;
				GCC_WARN_ABOUT_RETURN_TYPE = YES_ERROR;
				GCC_WARN_UNDECLARED_SELECTOR = YES;
				GCC_WARN_UNINITIALIZED_AUTOS = YES_AGGRESSIVE;
				GCC_WARN_UNUSED_FUNCTION = YES;
				GCC_WARN_UNUSED_VARIABLE = YES;
				IPHONEOS_DEPLOYMENT_TARGET = 10.1;
				MTL_ENABLE_DEBUG_INFO = NO;
				SDKROOT = iphoneos;
				SWIFT_OPTIMIZATION_LEVEL = "-Owholemodule";
				TARGETED_DEVICE_FAMILY = "1,2";
				VALIDATE_PRODUCT = YES;
			};
			name = Release;
		};
		1E2C5FB21E12DF0E00613E9B /* Debug */ = {
			isa = XCBuildConfiguration;
			buildSettings = {
				ASSETCATALOG_COMPILER_APPICON_NAME = AppIcon;
				DEVELOPMENT_TEAM = Y7NN2P3V3G;
				INFOPLIST_FILE = FuzePuzzle/Info.plist;
				LD_RUNPATH_SEARCH_PATHS = "$(inherited) @executable_path/Frameworks";
				PRODUCT_BUNDLE_IDENTIFIER = com.franckmamboue.FuzePuzzle;
				PRODUCT_NAME = "$(TARGET_NAME)";
				SWIFT_VERSION = 3.0;
			};
			name = Debug;
		};
		1E2C5FB31E12DF0E00613E9B /* Release */ = {
			isa = XCBuildConfiguration;
			buildSettings = {
				ASSETCATALOG_COMPILER_APPICON_NAME = AppIcon;
				DEVELOPMENT_TEAM = Y7NN2P3V3G;
				INFOPLIST_FILE = FuzePuzzle/Info.plist;
				LD_RUNPATH_SEARCH_PATHS = "$(inherited) @executable_path/Frameworks";
				PRODUCT_BUNDLE_IDENTIFIER = com.franckmamboue.FuzePuzzle;
				PRODUCT_NAME = "$(TARGET_NAME)";
				SWIFT_VERSION = 3.0;
			};
			name = Release;
		};
		1E2C5FB51E12DF0E00613E9B /* Debug */ = {
			isa = XCBuildConfiguration;
			buildSettings = {
				ALWAYS_EMBED_SWIFT_STANDARD_LIBRARIES = YES;
				BUNDLE_LOADER = "$(TEST_HOST)";
				DEVELOPMENT_TEAM = W7PZDQD3EB;
				INFOPLIST_FILE = FuzePuzzleTests/Info.plist;
				LD_RUNPATH_SEARCH_PATHS = "$(inherited) @executable_path/Frameworks @loader_path/Frameworks";
				PRODUCT_BUNDLE_IDENTIFIER = com.franckmamboue.FuzePuzzleTests;
				PRODUCT_NAME = "$(TARGET_NAME)";
				SWIFT_VERSION = 3.0;
				TEST_HOST = "$(BUILT_PRODUCTS_DIR)/FuzePuzzle.app/FuzePuzzle";
			};
			name = Debug;
		};
		1E2C5FB61E12DF0E00613E9B /* Release */ = {
			isa = XCBuildConfiguration;
			buildSettings = {
				ALWAYS_EMBED_SWIFT_STANDARD_LIBRARIES = YES;
				BUNDLE_LOADER = "$(TEST_HOST)";
				DEVELOPMENT_TEAM = W7PZDQD3EB;
				INFOPLIST_FILE = FuzePuzzleTests/Info.plist;
				LD_RUNPATH_SEARCH_PATHS = "$(inherited) @executable_path/Frameworks @loader_path/Frameworks";
				PRODUCT_BUNDLE_IDENTIFIER = com.franckmamboue.FuzePuzzleTests;
				PRODUCT_NAME = "$(TARGET_NAME)";
				SWIFT_VERSION = 3.0;
				TEST_HOST = "$(BUILT_PRODUCTS_DIR)/FuzePuzzle.app/FuzePuzzle";
			};
			name = Release;
		};
		1E2C5FB81E12DF0E00613E9B /* Debug */ = {
			isa = XCBuildConfiguration;
			buildSettings = {
				ALWAYS_EMBED_SWIFT_STANDARD_LIBRARIES = YES;
				DEVELOPMENT_TEAM = W7PZDQD3EB;
				INFOPLIST_FILE = FuzePuzzleUITests/Info.plist;
				LD_RUNPATH_SEARCH_PATHS = "$(inherited) @executable_path/Frameworks @loader_path/Frameworks";
				PRODUCT_BUNDLE_IDENTIFIER = com.franckmamboue.FuzePuzzleUITests;
				PRODUCT_NAME = "$(TARGET_NAME)";
				SWIFT_VERSION = 3.0;
				TEST_TARGET_NAME = FuzePuzzle;
			};
			name = Debug;
		};
		1E2C5FB91E12DF0E00613E9B /* Release */ = {
			isa = XCBuildConfiguration;
			buildSettings = {
				ALWAYS_EMBED_SWIFT_STANDARD_LIBRARIES = YES;
				DEVELOPMENT_TEAM = W7PZDQD3EB;
				INFOPLIST_FILE = FuzePuzzleUITests/Info.plist;
				LD_RUNPATH_SEARCH_PATHS = "$(inherited) @executable_path/Frameworks @loader_path/Frameworks";
				PRODUCT_BUNDLE_IDENTIFIER = com.franckmamboue.FuzePuzzleUITests;
				PRODUCT_NAME = "$(TARGET_NAME)";
				SWIFT_VERSION = 3.0;
				TEST_TARGET_NAME = FuzePuzzle;
			};
			name = Release;
		};
/* End XCBuildConfiguration section */

/* Begin XCConfigurationList section */
		1E2C5F841E12DF0E00613E9B /* Build configuration list for PBXProject "FuzePuzzle" */ = {
			isa = XCConfigurationList;
			buildConfigurations = (
				1E2C5FAF1E12DF0E00613E9B /* Debug */,
				1E2C5FB01E12DF0E00613E9B /* Release */,
			);
			defaultConfigurationIsVisible = 0;
			defaultConfigurationName = Release;
		};
		1E2C5FB11E12DF0E00613E9B /* Build configuration list for PBXNativeTarget "FuzePuzzle" */ = {
			isa = XCConfigurationList;
			buildConfigurations = (
				1E2C5FB21E12DF0E00613E9B /* Debug */,
				1E2C5FB31E12DF0E00613E9B /* Release */,
			);
			defaultConfigurationIsVisible = 0;
			defaultConfigurationName = Release;
		};
		1E2C5FB41E12DF0E00613E9B /* Build configuration list for PBXNativeTarget "FuzePuzzleTests" */ = {
			isa = XCConfigurationList;
			buildConfigurations = (
				1E2C5FB51E12DF0E00613E9B /* Debug */,
				1E2C5FB61E12DF0E00613E9B /* Release */,
			);
			defaultConfigurationIsVisible = 0;
			defaultConfigurationName = Release;
		};
		1E2C5FB71E12DF0E00613E9B /* Build configuration list for PBXNativeTarget "FuzePuzzleUITests" */ = {
			isa = XCConfigurationList;
			buildConfigurations = (
				1E2C5FB81E12DF0E00613E9B /* Debug */,
				1E2C5FB91E12DF0E00613E9B /* Release */,
			);
			defaultConfigurationIsVisible = 0;
			defaultConfigurationName = Release;
		};
/* End XCConfigurationList section */
	};
	rootObject = 1E2C5F811E12DF0E00613E9B /* Project object */;
}
